// !$*UTF8*$!
{
	archiveVersion = 1;
	classes = {
	};
	objectVersion = 46;
	objects = {

/* Begin PBXBuildFile section */
		8B0DC0951F210D7F00CA3AEF /* TFFormatter.swift in Sources */ = {isa = PBXBuildFile; fileRef = 8B0DC0941F210D7F00CA3AEF /* TFFormatter.swift */; };
		8B412BB81EFC754300BB3850 /* Podfile in Resources */ = {isa = PBXBuildFile; fileRef = 8B412BB71EFC754300BB3850 /* Podfile */; };
		8B412BBD1EFC7B4800BB3850 /* TFMainTableViewController.swift in Sources */ = {isa = PBXBuildFile; fileRef = 8B412BBC1EFC7B4800BB3850 /* TFMainTableViewController.swift */; };
		8B558A151F44A40200210B6F /* Pods_TokenFolio.framework in Frameworks */ = {isa = PBXBuildFile; fileRef = 6A992458C825F8C22EDB780F /* Pods_TokenFolio.framework */; };
		8B558A161F44A40200210B6F /* Pods_TokenFolio.framework in Embed Frameworks */ = {isa = PBXBuildFile; fileRef = 6A992458C825F8C22EDB780F /* Pods_TokenFolio.framework */; settings = {ATTRIBUTES = (CodeSignOnCopy, RemoveHeadersOnCopy, ); }; };
		8B5814551EFED0CE0065C3A4 /* Token+CoreDataClass.swift in Sources */ = {isa = PBXBuildFile; fileRef = 8B5814531EFED0CE0065C3A4 /* Token+CoreDataClass.swift */; };
		8B5814561EFED0CE0065C3A4 /* Token+CoreDataProperties.swift in Sources */ = {isa = PBXBuildFile; fileRef = 8B5814541EFED0CE0065C3A4 /* Token+CoreDataProperties.swift */; };
		8B5814591EFED4990065C3A4 /* TFNetworkProvider.swift in Sources */ = {isa = PBXBuildFile; fileRef = 8B5814581EFED4990065C3A4 /* TFNetworkProvider.swift */; };
		8B58145B1EFED9620065C3A4 /* TFUpdateManager.swift in Sources */ = {isa = PBXBuildFile; fileRef = 8B58145A1EFED9620065C3A4 /* TFUpdateManager.swift */; };
		8B5ABFE01F435814008B72BB /* TFMainViewController.swift in Sources */ = {isa = PBXBuildFile; fileRef = 8B5ABFDF1F435814008B72BB /* TFMainViewController.swift */; };
		8B63741C1F127F0500B44AF8 /* TFCoreDataProvider.swift in Sources */ = {isa = PBXBuildFile; fileRef = 8B63741B1F127F0500B44AF8 /* TFCoreDataProvider.swift */; };
		8B6374211F1A7F0600B44AF8 /* User+CoreDataClass.swift in Sources */ = {isa = PBXBuildFile; fileRef = 8B63741F1F1A7F0600B44AF8 /* User+CoreDataClass.swift */; };
		8B6374221F1A7F0600B44AF8 /* User+CoreDataProperties.swift in Sources */ = {isa = PBXBuildFile; fileRef = 8B6374201F1A7F0600B44AF8 /* User+CoreDataProperties.swift */; };
		8B6374241F1A92D800B44AF8 /* TFTokenTableViewCell.swift in Sources */ = {isa = PBXBuildFile; fileRef = 8B6374231F1A92D800B44AF8 /* TFTokenTableViewCell.swift */; };
		8B6374271F1FB63E00B44AF8 /* TFValues.swift in Sources */ = {isa = PBXBuildFile; fileRef = 8B6374261F1FB63D00B44AF8 /* TFValues.swift */; };
		8B6374291F1FB86800B44AF8 /* TFUserSettings.swift in Sources */ = {isa = PBXBuildFile; fileRef = 8B6374281F1FB86800B44AF8 /* TFUserSettings.swift */; };
		8B8ABF9C1EFC08CF00DD0AC5 /* AppDelegate.swift in Sources */ = {isa = PBXBuildFile; fileRef = 8B8ABF9B1EFC08CF00DD0AC5 /* AppDelegate.swift */; };
		8B8ABFA11EFC08CF00DD0AC5 /* Main.storyboard in Resources */ = {isa = PBXBuildFile; fileRef = 8B8ABF9F1EFC08CF00DD0AC5 /* Main.storyboard */; };
		8B8ABFA41EFC08CF00DD0AC5 /* TokenFolio.xcdatamodeld in Sources */ = {isa = PBXBuildFile; fileRef = 8B8ABFA21EFC08CF00DD0AC5 /* TokenFolio.xcdatamodeld */; };
		8B8ABFA61EFC08CF00DD0AC5 /* Assets.xcassets in Resources */ = {isa = PBXBuildFile; fileRef = 8B8ABFA51EFC08CF00DD0AC5 /* Assets.xcassets */; };
		8B8ABFA91EFC08CF00DD0AC5 /* LaunchScreen.storyboard in Resources */ = {isa = PBXBuildFile; fileRef = 8B8ABFA71EFC08CF00DD0AC5 /* LaunchScreen.storyboard */; };
		8B8ABFB41EFC08CF00DD0AC5 /* TokenFolioTests.swift in Sources */ = {isa = PBXBuildFile; fileRef = 8B8ABFB31EFC08CF00DD0AC5 /* TokenFolioTests.swift */; };
		8B8ABFBF1EFC08CF00DD0AC5 /* TokenFolioUITests.swift in Sources */ = {isa = PBXBuildFile; fileRef = 8B8ABFBE1EFC08CF00DD0AC5 /* TokenFolioUITests.swift */; };
		8BA536201F2CBC6C0007931D /* TFNavigationController.swift in Sources */ = {isa = PBXBuildFile; fileRef = 8BA5361F1F2CBC6C0007931D /* TFNavigationController.swift */; };
		8BA536221F2CFC700007931D /* TFTableViewController.swift in Sources */ = {isa = PBXBuildFile; fileRef = 8BA536211F2CFC700007931D /* TFTableViewController.swift */; };
		8BA536261F2D06910007931D /* TFAddViewController.swift in Sources */ = {isa = PBXBuildFile; fileRef = 8BA536251F2D06910007931D /* TFAddViewController.swift */; };
		A879AF211F3F51F0003E7A66 /* TFDetailViewController.swift in Sources */ = {isa = PBXBuildFile; fileRef = A879AF201F3F51F0003E7A66 /* TFDetailViewController.swift */; };
		A8A971C51F2B978800497B75 /* TFSettingsViewController.swift in Sources */ = {isa = PBXBuildFile; fileRef = A8A971C41F2B978800497B75 /* TFSettingsViewController.swift */; };
/* End PBXBuildFile section */

/* Begin PBXContainerItemProxy section */
		8B8ABFB01EFC08CF00DD0AC5 /* PBXContainerItemProxy */ = {
			isa = PBXContainerItemProxy;
			containerPortal = 8B8ABF901EFC08CE00DD0AC5 /* Project object */;
			proxyType = 1;
			remoteGlobalIDString = 8B8ABF971EFC08CF00DD0AC5;
			remoteInfo = TokenFolio;
		};
		8B8ABFBB1EFC08CF00DD0AC5 /* PBXContainerItemProxy */ = {
			isa = PBXContainerItemProxy;
			containerPortal = 8B8ABF901EFC08CE00DD0AC5 /* Project object */;
			proxyType = 1;
			remoteGlobalIDString = 8B8ABF971EFC08CF00DD0AC5;
			remoteInfo = TokenFolio;
		};
/* End PBXContainerItemProxy section */

/* Begin PBXCopyFilesBuildPhase section */
		8B558A171F44A40200210B6F /* Embed Frameworks */ = {
			isa = PBXCopyFilesBuildPhase;
			buildActionMask = 2147483647;
			dstPath = "";
			dstSubfolderSpec = 10;
			files = (
				8B558A161F44A40200210B6F /* Pods_TokenFolio.framework in Embed Frameworks */,
			);
			name = "Embed Frameworks";
			runOnlyForDeploymentPostprocessing = 0;
		};
/* End PBXCopyFilesBuildPhase section */

/* Begin PBXFileReference section */
		6A992458C825F8C22EDB780F /* Pods_TokenFolio.framework */ = {isa = PBXFileReference; explicitFileType = wrapper.framework; includeInIndex = 0; path = Pods_TokenFolio.framework; sourceTree = BUILT_PRODUCTS_DIR; };
		8B0DC0941F210D7F00CA3AEF /* TFFormatter.swift */ = {isa = PBXFileReference; fileEncoding = 4; lastKnownFileType = sourcecode.swift; path = TFFormatter.swift; sourceTree = "<group>"; };
		8B412BB71EFC754300BB3850 /* Podfile */ = {isa = PBXFileReference; fileEncoding = 4; lastKnownFileType = text; path = Podfile; sourceTree = SOURCE_ROOT; xcLanguageSpecificationIdentifier = xcode.lang.ruby; };
		8B412BBC1EFC7B4800BB3850 /* TFMainTableViewController.swift */ = {isa = PBXFileReference; fileEncoding = 4; lastKnownFileType = sourcecode.swift; path = TFMainTableViewController.swift; sourceTree = "<group>"; };
		8B5814531EFED0CE0065C3A4 /* Token+CoreDataClass.swift */ = {isa = PBXFileReference; fileEncoding = 4; lastKnownFileType = sourcecode.swift; path = "Token+CoreDataClass.swift"; sourceTree = "<group>"; };
		8B5814541EFED0CE0065C3A4 /* Token+CoreDataProperties.swift */ = {isa = PBXFileReference; fileEncoding = 4; lastKnownFileType = sourcecode.swift; path = "Token+CoreDataProperties.swift"; sourceTree = "<group>"; };
		8B5814581EFED4990065C3A4 /* TFNetworkProvider.swift */ = {isa = PBXFileReference; fileEncoding = 4; lastKnownFileType = sourcecode.swift; path = TFNetworkProvider.swift; sourceTree = "<group>"; };
		8B58145A1EFED9620065C3A4 /* TFUpdateManager.swift */ = {isa = PBXFileReference; fileEncoding = 4; lastKnownFileType = sourcecode.swift; path = TFUpdateManager.swift; sourceTree = "<group>"; };
		8B5ABFDF1F435814008B72BB /* TFMainViewController.swift */ = {isa = PBXFileReference; fileEncoding = 4; lastKnownFileType = sourcecode.swift; path = TFMainViewController.swift; sourceTree = "<group>"; };
		8B63741B1F127F0500B44AF8 /* TFCoreDataProvider.swift */ = {isa = PBXFileReference; fileEncoding = 4; lastKnownFileType = sourcecode.swift; path = TFCoreDataProvider.swift; sourceTree = "<group>"; };
		8B63741F1F1A7F0600B44AF8 /* User+CoreDataClass.swift */ = {isa = PBXFileReference; fileEncoding = 4; lastKnownFileType = sourcecode.swift; path = "User+CoreDataClass.swift"; sourceTree = "<group>"; };
		8B6374201F1A7F0600B44AF8 /* User+CoreDataProperties.swift */ = {isa = PBXFileReference; fileEncoding = 4; lastKnownFileType = sourcecode.swift; path = "User+CoreDataProperties.swift"; sourceTree = "<group>"; };
		8B6374231F1A92D800B44AF8 /* TFTokenTableViewCell.swift */ = {isa = PBXFileReference; fileEncoding = 4; lastKnownFileType = sourcecode.swift; name = TFTokenTableViewCell.swift; path = Views/TFTokenTableViewCell.swift; sourceTree = "<group>"; };
		8B6374261F1FB63D00B44AF8 /* TFValues.swift */ = {isa = PBXFileReference; fileEncoding = 4; lastKnownFileType = sourcecode.swift; path = TFValues.swift; sourceTree = "<group>"; };
		8B6374281F1FB86800B44AF8 /* TFUserSettings.swift */ = {isa = PBXFileReference; fileEncoding = 4; lastKnownFileType = sourcecode.swift; path = TFUserSettings.swift; sourceTree = "<group>"; };
		8B8ABF981EFC08CF00DD0AC5 /* TokenFolio.app */ = {isa = PBXFileReference; explicitFileType = wrapper.application; includeInIndex = 0; path = TokenFolio.app; sourceTree = BUILT_PRODUCTS_DIR; };
		8B8ABF9B1EFC08CF00DD0AC5 /* AppDelegate.swift */ = {isa = PBXFileReference; lastKnownFileType = sourcecode.swift; path = AppDelegate.swift; sourceTree = "<group>"; };
		8B8ABFA01EFC08CF00DD0AC5 /* Base */ = {isa = PBXFileReference; lastKnownFileType = file.storyboard; name = Base; path = Base.lproj/Main.storyboard; sourceTree = "<group>"; };
		8B8ABFA31EFC08CF00DD0AC5 /* TokenFolio.xcdatamodel */ = {isa = PBXFileReference; lastKnownFileType = wrapper.xcdatamodel; path = TokenFolio.xcdatamodel; sourceTree = "<group>"; };
		8B8ABFA51EFC08CF00DD0AC5 /* Assets.xcassets */ = {isa = PBXFileReference; lastKnownFileType = folder.assetcatalog; path = Assets.xcassets; sourceTree = "<group>"; };
		8B8ABFA81EFC08CF00DD0AC5 /* Base */ = {isa = PBXFileReference; lastKnownFileType = file.storyboard; name = Base; path = Base.lproj/LaunchScreen.storyboard; sourceTree = "<group>"; };
		8B8ABFAA1EFC08CF00DD0AC5 /* Info.plist */ = {isa = PBXFileReference; lastKnownFileType = text.plist.xml; path = Info.plist; sourceTree = "<group>"; };
		8B8ABFAF1EFC08CF00DD0AC5 /* TokenFolioTests.xctest */ = {isa = PBXFileReference; explicitFileType = wrapper.cfbundle; includeInIndex = 0; path = TokenFolioTests.xctest; sourceTree = BUILT_PRODUCTS_DIR; };
		8B8ABFB31EFC08CF00DD0AC5 /* TokenFolioTests.swift */ = {isa = PBXFileReference; lastKnownFileType = sourcecode.swift; path = TokenFolioTests.swift; sourceTree = "<group>"; };
		8B8ABFB51EFC08CF00DD0AC5 /* Info.plist */ = {isa = PBXFileReference; lastKnownFileType = text.plist.xml; path = Info.plist; sourceTree = "<group>"; };
		8B8ABFBA1EFC08CF00DD0AC5 /* TokenFolioUITests.xctest */ = {isa = PBXFileReference; explicitFileType = wrapper.cfbundle; includeInIndex = 0; path = TokenFolioUITests.xctest; sourceTree = BUILT_PRODUCTS_DIR; };
		8B8ABFBE1EFC08CF00DD0AC5 /* TokenFolioUITests.swift */ = {isa = PBXFileReference; lastKnownFileType = sourcecode.swift; path = TokenFolioUITests.swift; sourceTree = "<group>"; };
		8B8ABFC01EFC08CF00DD0AC5 /* Info.plist */ = {isa = PBXFileReference; lastKnownFileType = text.plist.xml; path = Info.plist; sourceTree = "<group>"; };
		8BA5361F1F2CBC6C0007931D /* TFNavigationController.swift */ = {isa = PBXFileReference; fileEncoding = 4; lastKnownFileType = sourcecode.swift; path = TFNavigationController.swift; sourceTree = "<group>"; };
		8BA536211F2CFC700007931D /* TFTableViewController.swift */ = {isa = PBXFileReference; fileEncoding = 4; lastKnownFileType = sourcecode.swift; path = TFTableViewController.swift; sourceTree = "<group>"; };
		8BA536251F2D06910007931D /* TFAddViewController.swift */ = {isa = PBXFileReference; fileEncoding = 4; lastKnownFileType = sourcecode.swift; path = TFAddViewController.swift; sourceTree = "<group>"; };
		A25EA332053B079C8D92F42E /* Pods-TokenFolio.debug.xcconfig */ = {isa = PBXFileReference; includeInIndex = 1; lastKnownFileType = text.xcconfig; name = "Pods-TokenFolio.debug.xcconfig"; path = "Pods/Target Support Files/Pods-TokenFolio/Pods-TokenFolio.debug.xcconfig"; sourceTree = "<group>"; };
		A879AF201F3F51F0003E7A66 /* TFDetailViewController.swift */ = {isa = PBXFileReference; fileEncoding = 4; lastKnownFileType = sourcecode.swift; path = TFDetailViewController.swift; sourceTree = "<group>"; };
		A8A971C41F2B978800497B75 /* TFSettingsViewController.swift */ = {isa = PBXFileReference; fileEncoding = 4; lastKnownFileType = sourcecode.swift; path = TFSettingsViewController.swift; sourceTree = "<group>"; };
		E0CAD6F7C79137C7877FB30F /* Pods-TokenFolio.release.xcconfig */ = {isa = PBXFileReference; includeInIndex = 1; lastKnownFileType = text.xcconfig; name = "Pods-TokenFolio.release.xcconfig"; path = "Pods/Target Support Files/Pods-TokenFolio/Pods-TokenFolio.release.xcconfig"; sourceTree = "<group>"; };
/* End PBXFileReference section */

/* Begin PBXFrameworksBuildPhase section */
		8B8ABF951EFC08CF00DD0AC5 /* Frameworks */ = {
			isa = PBXFrameworksBuildPhase;
			buildActionMask = 2147483647;
			files = (
				8B558A151F44A40200210B6F /* Pods_TokenFolio.framework in Frameworks */,
			);
			runOnlyForDeploymentPostprocessing = 0;
		};
		8B8ABFAC1EFC08CF00DD0AC5 /* Frameworks */ = {
			isa = PBXFrameworksBuildPhase;
			buildActionMask = 2147483647;
			files = (
			);
			runOnlyForDeploymentPostprocessing = 0;
		};
		8B8ABFB71EFC08CF00DD0AC5 /* Frameworks */ = {
			isa = PBXFrameworksBuildPhase;
			buildActionMask = 2147483647;
			files = (
			);
			runOnlyForDeploymentPostprocessing = 0;
		};
/* End PBXFrameworksBuildPhase section */

/* Begin PBXGroup section */
		24D27ED4CE4C5CA869700E60 /* Pods */ = {
			isa = PBXGroup;
			children = (
				A25EA332053B079C8D92F42E /* Pods-TokenFolio.debug.xcconfig */,
				E0CAD6F7C79137C7877FB30F /* Pods-TokenFolio.release.xcconfig */,
			);
			name = Pods;
			sourceTree = "<group>";
		};
		8B412BB91EFC78DF00BB3850 /* ViewControllers */ = {
			isa = PBXGroup;
			children = (
				8BA536211F2CFC700007931D /* TFTableViewController.swift */,
				8B412BBC1EFC7B4800BB3850 /* TFMainTableViewController.swift */,
				8B5ABFDF1F435814008B72BB /* TFMainViewController.swift */,
				8BA536251F2D06910007931D /* TFAddViewController.swift */,
				A8A971C41F2B978800497B75 /* TFSettingsViewController.swift */,
				A879AF201F3F51F0003E7A66 /* TFDetailViewController.swift */,
			);
			name = ViewControllers;
			sourceTree = "<group>";
		};
		8B412BBA1EFC78EA00BB3850 /* Model */ = {
			isa = PBXGroup;
			children = (
				8B6374261F1FB63D00B44AF8 /* TFValues.swift */,
				8B63741F1F1A7F0600B44AF8 /* User+CoreDataClass.swift */,
				8B6374201F1A7F0600B44AF8 /* User+CoreDataProperties.swift */,
				8B5814531EFED0CE0065C3A4 /* Token+CoreDataClass.swift */,
				8B5814541EFED0CE0065C3A4 /* Token+CoreDataProperties.swift */,
				8B8ABFA21EFC08CF00DD0AC5 /* TokenFolio.xcdatamodeld */,
			);
			name = Model;
			sourceTree = "<group>";
		};
		8B412BBB1EFC78F600BB3850 /* Images */ = {
			isa = PBXGroup;
			children = (
				8B8ABFA51EFC08CF00DD0AC5 /* Assets.xcassets */,
			);
			name = Images;
			sourceTree = "<group>";
		};
		8B5814571EFED4300065C3A4 /* Services */ = {
			isa = PBXGroup;
			children = (
				8B5814581EFED4990065C3A4 /* TFNetworkProvider.swift */,
				8B58145A1EFED9620065C3A4 /* TFUpdateManager.swift */,
				8B63741B1F127F0500B44AF8 /* TFCoreDataProvider.swift */,
			);
			name = Services;
			sourceTree = "<group>";
		};
		8B6374251F1A92E600B44AF8 /* Views */ = {
			isa = PBXGroup;
			children = (
				8B6374231F1A92D800B44AF8 /* TFTokenTableViewCell.swift */,
				8BA5361F1F2CBC6C0007931D /* TFNavigationController.swift */,
			);
			name = Views;
			sourceTree = "<group>";
		};
		8B8ABF8F1EFC08CE00DD0AC5 = {
			isa = PBXGroup;
			children = (
				8B8ABF9A1EFC08CF00DD0AC5 /* TokenFolio */,
				8B8ABFB21EFC08CF00DD0AC5 /* TokenFolioTests */,
				8B8ABFBD1EFC08CF00DD0AC5 /* TokenFolioUITests */,
				8B8ABF991EFC08CF00DD0AC5 /* Products */,
				24D27ED4CE4C5CA869700E60 /* Pods */,
				E12368F655216F78E61D9446 /* Frameworks */,
			);
			sourceTree = "<group>";
		};
		8B8ABF991EFC08CF00DD0AC5 /* Products */ = {
			isa = PBXGroup;
			children = (
				8B8ABF981EFC08CF00DD0AC5 /* TokenFolio.app */,
				8B8ABFAF1EFC08CF00DD0AC5 /* TokenFolioTests.xctest */,
				8B8ABFBA1EFC08CF00DD0AC5 /* TokenFolioUITests.xctest */,
			);
			name = Products;
			sourceTree = "<group>";
		};
		8B8ABF9A1EFC08CF00DD0AC5 /* TokenFolio */ = {
			isa = PBXGroup;
			children = (
				8B8ABF9B1EFC08CF00DD0AC5 /* AppDelegate.swift */,
				8B6374281F1FB86800B44AF8 /* TFUserSettings.swift */,
				8B0DC0941F210D7F00CA3AEF /* TFFormatter.swift */,
				8B6374251F1A92E600B44AF8 /* Views */,
				8B412BB91EFC78DF00BB3850 /* ViewControllers */,
				8B412BBA1EFC78EA00BB3850 /* Model */,
				8B5814571EFED4300065C3A4 /* Services */,
				8B412BBB1EFC78F600BB3850 /* Images */,
				8B8ABF9F1EFC08CF00DD0AC5 /* Main.storyboard */,
				8B8ABFA71EFC08CF00DD0AC5 /* LaunchScreen.storyboard */,
				8B8ABFAA1EFC08CF00DD0AC5 /* Info.plist */,
				8B412BB71EFC754300BB3850 /* Podfile */,
			);
			path = TokenFolio;
			sourceTree = "<group>";
		};
		8B8ABFB21EFC08CF00DD0AC5 /* TokenFolioTests */ = {
			isa = PBXGroup;
			children = (
				8B8ABFB31EFC08CF00DD0AC5 /* TokenFolioTests.swift */,
				8B8ABFB51EFC08CF00DD0AC5 /* Info.plist */,
			);
			path = TokenFolioTests;
			sourceTree = "<group>";
		};
		8B8ABFBD1EFC08CF00DD0AC5 /* TokenFolioUITests */ = {
			isa = PBXGroup;
			children = (
				8B8ABFBE1EFC08CF00DD0AC5 /* TokenFolioUITests.swift */,
				8B8ABFC01EFC08CF00DD0AC5 /* Info.plist */,
			);
			path = TokenFolioUITests;
			sourceTree = "<group>";
		};
		E12368F655216F78E61D9446 /* Frameworks */ = {
			isa = PBXGroup;
			children = (
				6A992458C825F8C22EDB780F /* Pods_TokenFolio.framework */,
			);
			name = Frameworks;
			sourceTree = "<group>";
		};
/* End PBXGroup section */

/* Begin PBXNativeTarget section */
		8B8ABF971EFC08CF00DD0AC5 /* TokenFolio */ = {
			isa = PBXNativeTarget;
			buildConfigurationList = 8B8ABFC31EFC08CF00DD0AC5 /* Build configuration list for PBXNativeTarget "TokenFolio" */;
			buildPhases = (
				8B812C0F3BF2659DFC1C2C4F /* [CP] Check Pods Manifest.lock */,
				8B8ABF941EFC08CF00DD0AC5 /* Sources */,
				8B8ABF951EFC08CF00DD0AC5 /* Frameworks */,
				8B8ABF961EFC08CF00DD0AC5 /* Resources */,
				B9A61C35253DDC42C62373CE /* [CP] Embed Pods Frameworks */,
				8B288A541F442F1900284CC4 /* ShellScript */,
				8B558A171F44A40200210B6F /* Embed Frameworks */,
			);
			buildRules = (
			);
			dependencies = (
			);
			name = TokenFolio;
			productName = TokenFolio;
			productReference = 8B8ABF981EFC08CF00DD0AC5 /* TokenFolio.app */;
			productType = "com.apple.product-type.application";
		};
		8B8ABFAE1EFC08CF00DD0AC5 /* TokenFolioTests */ = {
			isa = PBXNativeTarget;
			buildConfigurationList = 8B8ABFC61EFC08CF00DD0AC5 /* Build configuration list for PBXNativeTarget "TokenFolioTests" */;
			buildPhases = (
				8B8ABFAB1EFC08CF00DD0AC5 /* Sources */,
				8B8ABFAC1EFC08CF00DD0AC5 /* Frameworks */,
				8B8ABFAD1EFC08CF00DD0AC5 /* Resources */,
			);
			buildRules = (
			);
			dependencies = (
				8B8ABFB11EFC08CF00DD0AC5 /* PBXTargetDependency */,
			);
			name = TokenFolioTests;
			productName = TokenFolioTests;
			productReference = 8B8ABFAF1EFC08CF00DD0AC5 /* TokenFolioTests.xctest */;
			productType = "com.apple.product-type.bundle.unit-test";
		};
		8B8ABFB91EFC08CF00DD0AC5 /* TokenFolioUITests */ = {
			isa = PBXNativeTarget;
			buildConfigurationList = 8B8ABFC91EFC08CF00DD0AC5 /* Build configuration list for PBXNativeTarget "TokenFolioUITests" */;
			buildPhases = (
				8B8ABFB61EFC08CF00DD0AC5 /* Sources */,
				8B8ABFB71EFC08CF00DD0AC5 /* Frameworks */,
				8B8ABFB81EFC08CF00DD0AC5 /* Resources */,
			);
			buildRules = (
			);
			dependencies = (
				8B8ABFBC1EFC08CF00DD0AC5 /* PBXTargetDependency */,
			);
			name = TokenFolioUITests;
			productName = TokenFolioUITests;
			productReference = 8B8ABFBA1EFC08CF00DD0AC5 /* TokenFolioUITests.xctest */;
			productType = "com.apple.product-type.bundle.ui-testing";
		};
/* End PBXNativeTarget section */

/* Begin PBXProject section */
		8B8ABF901EFC08CE00DD0AC5 /* Project object */ = {
			isa = PBXProject;
			attributes = {
				LastSwiftUpdateCheck = 0830;
				LastUpgradeCheck = 1020;
				ORGANIZATIONNAME = "Riccardo Scanavacca";
				TargetAttributes = {
					8B8ABF971EFC08CF00DD0AC5 = {
						CreatedOnToolsVersion = 8.3.2;
						DevelopmentTeam = 2GM46VBD99;
						LastSwiftMigration = 0830;
						ProvisioningStyle = Automatic;
					};
					8B8ABFAE1EFC08CF00DD0AC5 = {
						CreatedOnToolsVersion = 8.3.2;
						DevelopmentTeam = 2GM46VBD99;
						ProvisioningStyle = Automatic;
						TestTargetID = 8B8ABF971EFC08CF00DD0AC5;
					};
					8B8ABFB91EFC08CF00DD0AC5 = {
						CreatedOnToolsVersion = 8.3.2;
						DevelopmentTeam = 2GM46VBD99;
						ProvisioningStyle = Automatic;
						TestTargetID = 8B8ABF971EFC08CF00DD0AC5;
					};
				};
			};
			buildConfigurationList = 8B8ABF931EFC08CE00DD0AC5 /* Build configuration list for PBXProject "TokenFolio" */;
			compatibilityVersion = "Xcode 3.2";
			developmentRegion = en;
			hasScannedForEncodings = 0;
			knownRegions = (
				en,
				Base,
			);
			mainGroup = 8B8ABF8F1EFC08CE00DD0AC5;
			productRefGroup = 8B8ABF991EFC08CF00DD0AC5 /* Products */;
			projectDirPath = "";
			projectRoot = "";
			targets = (
				8B8ABF971EFC08CF00DD0AC5 /* TokenFolio */,
				8B8ABFAE1EFC08CF00DD0AC5 /* TokenFolioTests */,
				8B8ABFB91EFC08CF00DD0AC5 /* TokenFolioUITests */,
			);
		};
/* End PBXProject section */

/* Begin PBXResourcesBuildPhase section */
		8B8ABF961EFC08CF00DD0AC5 /* Resources */ = {
			isa = PBXResourcesBuildPhase;
			buildActionMask = 2147483647;
			files = (
				8B8ABFA91EFC08CF00DD0AC5 /* LaunchScreen.storyboard in Resources */,
				8B8ABFA61EFC08CF00DD0AC5 /* Assets.xcassets in Resources */,
				8B412BB81EFC754300BB3850 /* Podfile in Resources */,
				8B8ABFA11EFC08CF00DD0AC5 /* Main.storyboard in Resources */,
			);
			runOnlyForDeploymentPostprocessing = 0;
		};
		8B8ABFAD1EFC08CF00DD0AC5 /* Resources */ = {
			isa = PBXResourcesBuildPhase;
			buildActionMask = 2147483647;
			files = (
			);
			runOnlyForDeploymentPostprocessing = 0;
		};
		8B8ABFB81EFC08CF00DD0AC5 /* Resources */ = {
			isa = PBXResourcesBuildPhase;
			buildActionMask = 2147483647;
			files = (
			);
			runOnlyForDeploymentPostprocessing = 0;
		};
/* End PBXResourcesBuildPhase section */

/* Begin PBXShellScriptBuildPhase section */
		8B288A541F442F1900284CC4 /* ShellScript */ = {
			isa = PBXShellScriptBuildPhase;
			buildActionMask = 8;
			files = (
			);
			inputPaths = (
			);
			outputPaths = (
			);
			runOnlyForDeploymentPostprocessing = 1;
			shellPath = /bin/sh;
			shellScript = "\"${PODS_ROOT}/Fabric/run\" af4c6d5666f675f1e8d2f421b48abdd9f3df9a91 4068ccf233f391acd1ad8d0190de01feba007b627d67d78ca0065a8d36d2f6f0";
		};
		8B812C0F3BF2659DFC1C2C4F /* [CP] Check Pods Manifest.lock */ = {
			isa = PBXShellScriptBuildPhase;
			buildActionMask = 2147483647;
			files = (
			);
			inputPaths = (
				"${PODS_PODFILE_DIR_PATH}/Podfile.lock",
				"${PODS_ROOT}/Manifest.lock",
			);
			name = "[CP] Check Pods Manifest.lock";
			outputPaths = (
				"$(DERIVED_FILE_DIR)/Pods-TokenFolio-checkManifestLockResult.txt",
			);
			runOnlyForDeploymentPostprocessing = 0;
			shellPath = /bin/sh;
			shellScript = "diff \"${PODS_PODFILE_DIR_PATH}/Podfile.lock\" \"${PODS_ROOT}/Manifest.lock\" > /dev/null\nif [ $? != 0 ] ; then\n    # print error to STDERR\n    echo \"error: The sandbox is not in sync with the Podfile.lock. Run 'pod install' or update your CocoaPods installation.\" >&2\n    exit 1\nfi\n# This output is used by Xcode 'outputs' to avoid re-running this script phase.\necho \"SUCCESS\" > \"${SCRIPT_OUTPUT_FILE_0}\"\n";
			showEnvVarsInLog = 0;
		};
		B9A61C35253DDC42C62373CE /* [CP] Embed Pods Frameworks */ = {
			isa = PBXShellScriptBuildPhase;
			buildActionMask = 2147483647;
			files = (
			);
			inputPaths = (
				"${PODS_ROOT}/Target Support Files/Pods-TokenFolio/Pods-TokenFolio-frameworks.sh",
				"${BUILT_PRODUCTS_DIR}/Alamofire/Alamofire.framework",
				"${BUILT_PRODUCTS_DIR}/DZNEmptyDataSet/DZNEmptyDataSet.framework",
				"${BUILT_PRODUCTS_DIR}/SwiftyJSON/SwiftyJSON.framework",
			);
			name = "[CP] Embed Pods Frameworks";
			outputPaths = (
				"${TARGET_BUILD_DIR}/${FRAMEWORKS_FOLDER_PATH}/Alamofire.framework",
				"${TARGET_BUILD_DIR}/${FRAMEWORKS_FOLDER_PATH}/DZNEmptyDataSet.framework",
				"${TARGET_BUILD_DIR}/${FRAMEWORKS_FOLDER_PATH}/SwiftyJSON.framework",
			);
			runOnlyForDeploymentPostprocessing = 0;
			shellPath = /bin/sh;
			shellScript = "\"${PODS_ROOT}/Target Support Files/Pods-TokenFolio/Pods-TokenFolio-frameworks.sh\"\n";
			showEnvVarsInLog = 0;
		};
/* End PBXShellScriptBuildPhase section */

/* Begin PBXSourcesBuildPhase section */
		8B8ABF941EFC08CF00DD0AC5 /* Sources */ = {
			isa = PBXSourcesBuildPhase;
			buildActionMask = 2147483647;
			files = (
				8B8ABFA41EFC08CF00DD0AC5 /* TokenFolio.xcdatamodeld in Sources */,
				8B58145B1EFED9620065C3A4 /* TFUpdateManager.swift in Sources */,
				8B5814551EFED0CE0065C3A4 /* Token+CoreDataClass.swift in Sources */,
				8BA536201F2CBC6C0007931D /* TFNavigationController.swift in Sources */,
				A8A971C51F2B978800497B75 /* TFSettingsViewController.swift in Sources */,
				8BA536261F2D06910007931D /* TFAddViewController.swift in Sources */,
				8B63741C1F127F0500B44AF8 /* TFCoreDataProvider.swift in Sources */,
				8B6374211F1A7F0600B44AF8 /* User+CoreDataClass.swift in Sources */,
				8B5814591EFED4990065C3A4 /* TFNetworkProvider.swift in Sources */,
				8B412BBD1EFC7B4800BB3850 /* TFMainTableViewController.swift in Sources */,
				8B6374221F1A7F0600B44AF8 /* User+CoreDataProperties.swift in Sources */,
				A879AF211F3F51F0003E7A66 /* TFDetailViewController.swift in Sources */,
				8B6374291F1FB86800B44AF8 /* TFUserSettings.swift in Sources */,
				8B8ABF9C1EFC08CF00DD0AC5 /* AppDelegate.swift in Sources */,
				8B6374271F1FB63E00B44AF8 /* TFValues.swift in Sources */,
				8B5ABFE01F435814008B72BB /* TFMainViewController.swift in Sources */,
				8B5814561EFED0CE0065C3A4 /* Token+CoreDataProperties.swift in Sources */,
				8B0DC0951F210D7F00CA3AEF /* TFFormatter.swift in Sources */,
				8B6374241F1A92D800B44AF8 /* TFTokenTableViewCell.swift in Sources */,
				8BA536221F2CFC700007931D /* TFTableViewController.swift in Sources */,
			);
			runOnlyForDeploymentPostprocessing = 0;
		};
		8B8ABFAB1EFC08CF00DD0AC5 /* Sources */ = {
			isa = PBXSourcesBuildPhase;
			buildActionMask = 2147483647;
			files = (
				8B8ABFB41EFC08CF00DD0AC5 /* TokenFolioTests.swift in Sources */,
			);
			runOnlyForDeploymentPostprocessing = 0;
		};
		8B8ABFB61EFC08CF00DD0AC5 /* Sources */ = {
			isa = PBXSourcesBuildPhase;
			buildActionMask = 2147483647;
			files = (
				8B8ABFBF1EFC08CF00DD0AC5 /* TokenFolioUITests.swift in Sources */,
			);
			runOnlyForDeploymentPostprocessing = 0;
		};
/* End PBXSourcesBuildPhase section */

/* Begin PBXTargetDependency section */
		8B8ABFB11EFC08CF00DD0AC5 /* PBXTargetDependency */ = {
			isa = PBXTargetDependency;
			target = 8B8ABF971EFC08CF00DD0AC5 /* TokenFolio */;
			targetProxy = 8B8ABFB01EFC08CF00DD0AC5 /* PBXContainerItemProxy */;
		};
		8B8ABFBC1EFC08CF00DD0AC5 /* PBXTargetDependency */ = {
			isa = PBXTargetDependency;
			target = 8B8ABF971EFC08CF00DD0AC5 /* TokenFolio */;
			targetProxy = 8B8ABFBB1EFC08CF00DD0AC5 /* PBXContainerItemProxy */;
		};
/* End PBXTargetDependency section */

/* Begin PBXVariantGroup section */
		8B8ABF9F1EFC08CF00DD0AC5 /* Main.storyboard */ = {
			isa = PBXVariantGroup;
			children = (
				8B8ABFA01EFC08CF00DD0AC5 /* Base */,
			);
			name = Main.storyboard;
			sourceTree = "<group>";
		};
		8B8ABFA71EFC08CF00DD0AC5 /* LaunchScreen.storyboard */ = {
			isa = PBXVariantGroup;
			children = (
				8B8ABFA81EFC08CF00DD0AC5 /* Base */,
			);
			name = LaunchScreen.storyboard;
			sourceTree = "<group>";
		};
/* End PBXVariantGroup section */

/* Begin XCBuildConfiguration section */
		8B8ABFC11EFC08CF00DD0AC5 /* Debug */ = {
			isa = XCBuildConfiguration;
			buildSettings = {
				ALWAYS_SEARCH_USER_PATHS = NO;
				CLANG_ANALYZER_NONNULL = YES;
				CLANG_ANALYZER_NUMBER_OBJECT_CONVERSION = YES_AGGRESSIVE;
				CLANG_CXX_LANGUAGE_STANDARD = "gnu++0x";
				CLANG_CXX_LIBRARY = "libc++";
				CLANG_ENABLE_MODULES = YES;
				CLANG_ENABLE_OBJC_ARC = YES;
				CLANG_WARN_BLOCK_CAPTURE_AUTORELEASING = YES;
				CLANG_WARN_BOOL_CONVERSION = YES;
				CLANG_WARN_COMMA = YES;
				CLANG_WARN_CONSTANT_CONVERSION = YES;
				CLANG_WARN_DEPRECATED_OBJC_IMPLEMENTATIONS = YES;
				CLANG_WARN_DIRECT_OBJC_ISA_USAGE = YES_ERROR;
				CLANG_WARN_DOCUMENTATION_COMMENTS = YES;
				CLANG_WARN_EMPTY_BODY = YES;
				CLANG_WARN_ENUM_CONVERSION = YES;
				CLANG_WARN_INFINITE_RECURSION = YES;
				CLANG_WARN_INT_CONVERSION = YES;
				CLANG_WARN_NON_LITERAL_NULL_CONVERSION = YES;
				CLANG_WARN_OBJC_IMPLICIT_RETAIN_SELF = YES;
				CLANG_WARN_OBJC_LITERAL_CONVERSION = YES;
				CLANG_WARN_OBJC_ROOT_CLASS = YES_ERROR;
				CLANG_WARN_RANGE_LOOP_ANALYSIS = YES;
				CLANG_WARN_STRICT_PROTOTYPES = YES;
				CLANG_WARN_SUSPICIOUS_MOVE = YES;
				CLANG_WARN_UNREACHABLE_CODE = YES;
				CLANG_WARN__DUPLICATE_METHOD_MATCH = YES;
				"CODE_SIGN_IDENTITY[sdk=iphoneos*]" = "iPhone Developer";
				COPY_PHASE_STRIP = NO;
				DEBUG_INFORMATION_FORMAT = dwarf;
				ENABLE_STRICT_OBJC_MSGSEND = YES;
				ENABLE_TESTABILITY = YES;
				GCC_C_LANGUAGE_STANDARD = gnu99;
				GCC_DYNAMIC_NO_PIC = NO;
				GCC_NO_COMMON_BLOCKS = YES;
				GCC_OPTIMIZATION_LEVEL = 0;
				GCC_PREPROCESSOR_DEFINITIONS = (
					"DEBUG=1",
					"$(inherited)",
				);
				GCC_WARN_64_TO_32_BIT_CONVERSION = YES;
				GCC_WARN_ABOUT_RETURN_TYPE = YES_ERROR;
				GCC_WARN_UNDECLARED_SELECTOR = YES;
				GCC_WARN_UNINITIALIZED_AUTOS = YES_AGGRESSIVE;
				GCC_WARN_UNUSED_FUNCTION = YES;
				GCC_WARN_UNUSED_VARIABLE = YES;
				IPHONEOS_DEPLOYMENT_TARGET = 10.3;
				MTL_ENABLE_DEBUG_INFO = YES;
				ONLY_ACTIVE_ARCH = YES;
				SDKROOT = iphoneos;
				SWIFT_ACTIVE_COMPILATION_CONDITIONS = DEBUG;
				SWIFT_OPTIMIZATION_LEVEL = "-Onone";
			};
			name = Debug;
		};
		8B8ABFC21EFC08CF00DD0AC5 /* Release */ = {
			isa = XCBuildConfiguration;
			buildSettings = {
				ALWAYS_SEARCH_USER_PATHS = NO;
				CLANG_ANALYZER_NONNULL = YES;
				CLANG_ANALYZER_NUMBER_OBJECT_CONVERSION = YES_AGGRESSIVE;
				CLANG_CXX_LANGUAGE_STANDARD = "gnu++0x";
				CLANG_CXX_LIBRARY = "libc++";
				CLANG_ENABLE_MODULES = YES;
				CLANG_ENABLE_OBJC_ARC = YES;
				CLANG_WARN_BLOCK_CAPTURE_AUTORELEASING = YES;
				CLANG_WARN_BOOL_CONVERSION = YES;
				CLANG_WARN_COMMA = YES;
				CLANG_WARN_CONSTANT_CONVERSION = YES;
				CLANG_WARN_DEPRECATED_OBJC_IMPLEMENTATIONS = YES;
				CLANG_WARN_DIRECT_OBJC_ISA_USAGE = YES_ERROR;
				CLANG_WARN_DOCUMENTATION_COMMENTS = YES;
				CLANG_WARN_EMPTY_BODY = YES;
				CLANG_WARN_ENUM_CONVERSION = YES;
				CLANG_WARN_INFINITE_RECURSION = YES;
				CLANG_WARN_INT_CONVERSION = YES;
				CLANG_WARN_NON_LITERAL_NULL_CONVERSION = YES;
				CLANG_WARN_OBJC_IMPLICIT_RETAIN_SELF = YES;
				CLANG_WARN_OBJC_LITERAL_CONVERSION = YES;
				CLANG_WARN_OBJC_ROOT_CLASS = YES_ERROR;
				CLANG_WARN_RANGE_LOOP_ANALYSIS = YES;
				CLANG_WARN_STRICT_PROTOTYPES = YES;
				CLANG_WARN_SUSPICIOUS_MOVE = YES;
				CLANG_WARN_UNREACHABLE_CODE = YES;
				CLANG_WARN__DUPLICATE_METHOD_MATCH = YES;
				"CODE_SIGN_IDENTITY[sdk=iphoneos*]" = "iPhone Developer";
				COPY_PHASE_STRIP = NO;
				DEBUG_INFORMATION_FORMAT = "dwarf-with-dsym";
				ENABLE_NS_ASSERTIONS = NO;
				ENABLE_STRICT_OBJC_MSGSEND = YES;
				GCC_C_LANGUAGE_STANDARD = gnu99;
				GCC_NO_COMMON_BLOCKS = YES;
				GCC_WARN_64_TO_32_BIT_CONVERSION = YES;
				GCC_WARN_ABOUT_RETURN_TYPE = YES_ERROR;
				GCC_WARN_UNDECLARED_SELECTOR = YES;
				GCC_WARN_UNINITIALIZED_AUTOS = YES_AGGRESSIVE;
				GCC_WARN_UNUSED_FUNCTION = YES;
				GCC_WARN_UNUSED_VARIABLE = YES;
				IPHONEOS_DEPLOYMENT_TARGET = 10.3;
				MTL_ENABLE_DEBUG_INFO = NO;
				SDKROOT = iphoneos;
				SWIFT_OPTIMIZATION_LEVEL = "-Owholemodule";
				VALIDATE_PRODUCT = YES;
			};
			name = Release;
		};
		8B8ABFC41EFC08CF00DD0AC5 /* Debug */ = {
			isa = XCBuildConfiguration;
			baseConfigurationReference = A25EA332053B079C8D92F42E /* Pods-TokenFolio.debug.xcconfig */;
			buildSettings = {
				ASSETCATALOG_COMPILER_APPICON_NAME = AppIcon;
				CLANG_ENABLE_MODULES = YES;
				CODE_SIGN_IDENTITY = "iPhone Developer";
				"CODE_SIGN_IDENTITY[sdk=iphoneos*]" = "iPhone Developer";
				DEVELOPMENT_TEAM = 2GM46VBD99;
				FRAMEWORK_SEARCH_PATHS = (
					"$(inherited)",
					"$(PROJECT_DIR)",
				);
				INFOPLIST_FILE = TokenFolio/Info.plist;
				LD_RUNPATH_SEARCH_PATHS = "$(inherited) @executable_path/Frameworks";
				PRODUCT_BUNDLE_IDENTIFIER = uk.co.riccardoscanavacca.TokenFolio;
				PRODUCT_NAME = "$(TARGET_NAME)";
				PROVISIONING_PROFILE_SPECIFIER = "";
				SWIFT_OPTIMIZATION_LEVEL = "-Onone";
				SWIFT_VERSION = 5.0;
			};
			name = Debug;
		};
		8B8ABFC51EFC08CF00DD0AC5 /* Release */ = {
			isa = XCBuildConfiguration;
			baseConfigurationReference = E0CAD6F7C79137C7877FB30F /* Pods-TokenFolio.release.xcconfig */;
			buildSettings = {
				ASSETCATALOG_COMPILER_APPICON_NAME = AppIcon;
				CLANG_ENABLE_MODULES = YES;
				CODE_SIGN_IDENTITY = "iPhone Developer";
				"CODE_SIGN_IDENTITY[sdk=iphoneos*]" = "iPhone Developer";
				DEVELOPMENT_TEAM = 2GM46VBD99;
				FRAMEWORK_SEARCH_PATHS = (
					"$(inherited)",
					"$(PROJECT_DIR)",
				);
				INFOPLIST_FILE = TokenFolio/Info.plist;
				LD_RUNPATH_SEARCH_PATHS = "$(inherited) @executable_path/Frameworks";
				PRODUCT_BUNDLE_IDENTIFIER = uk.co.riccardoscanavacca.TokenFolio;
				PRODUCT_NAME = "$(TARGET_NAME)";
				PROVISIONING_PROFILE_SPECIFIER = "";
				SWIFT_VERSION = 5.0;
			};
			name = Release;
		};
		8B8ABFC71EFC08CF00DD0AC5 /* Debug */ = {
			isa = XCBuildConfiguration;
			buildSettings = {
				ALWAYS_EMBED_SWIFT_STANDARD_LIBRARIES = YES;
				BUNDLE_LOADER = "$(TEST_HOST)";
				DEVELOPMENT_TEAM = 2GM46VBD99;
				INFOPLIST_FILE = TokenFolioTests/Info.plist;
				LD_RUNPATH_SEARCH_PATHS = "$(inherited) @executable_path/Frameworks @loader_path/Frameworks";
				PRODUCT_BUNDLE_IDENTIFIER = uk.co.riccardoscanavacca.TokenFolioTests;
				PRODUCT_NAME = "$(TARGET_NAME)";
				SWIFT_VERSION = 3.0;
				TEST_HOST = "$(BUILT_PRODUCTS_DIR)/TokenFolio.app/TokenFolio";
			};
			name = Debug;
		};
		8B8ABFC81EFC08CF00DD0AC5 /* Release */ = {
			isa = XCBuildConfiguration;
			buildSettings = {
				ALWAYS_EMBED_SWIFT_STANDARD_LIBRARIES = YES;
				BUNDLE_LOADER = "$(TEST_HOST)";
				DEVELOPMENT_TEAM = 2GM46VBD99;
				INFOPLIST_FILE = TokenFolioTests/Info.plist;
				LD_RUNPATH_SEARCH_PATHS = "$(inherited) @executable_path/Frameworks @loader_path/Frameworks";
				PRODUCT_BUNDLE_IDENTIFIER = uk.co.riccardoscanavacca.TokenFolioTests;
				PRODUCT_NAME = "$(TARGET_NAME)";
				SWIFT_VERSION = 3.0;
				TEST_HOST = "$(BUILT_PRODUCTS_DIR)/TokenFolio.app/TokenFolio";
			};
			name = Release;
		};
		8B8ABFCA1EFC08CF00DD0AC5 /* Debug */ = {
			isa = XCBuildConfiguration;
			buildSettings = {
				ALWAYS_EMBED_SWIFT_STANDARD_LIBRARIES = YES;
				DEVELOPMENT_TEAM = 2GM46VBD99;
				INFOPLIST_FILE = TokenFolioUITests/Info.plist;
				LD_RUNPATH_SEARCH_PATHS = "$(inherited) @executable_path/Frameworks @loader_path/Frameworks";
				PRODUCT_BUNDLE_IDENTIFIER = uk.co.riccardoscanavacca.TokenFolioUITests;
				PRODUCT_NAME = "$(TARGET_NAME)";
				SWIFT_VERSION = 3.0;
				TEST_TARGET_NAME = TokenFolio;
			};
			name = Debug;
		};
		8B8ABFCB1EFC08CF00DD0AC5 /* Release */ = {
			isa = XCBuildConfiguration;
			buildSettings = {
				ALWAYS_EMBED_SWIFT_STANDARD_LIBRARIES = YES;
				DEVELOPMENT_TEAM = 2GM46VBD99;
				INFOPLIST_FILE = TokenFolioUITests/Info.plist;
				LD_RUNPATH_SEARCH_PATHS = "$(inherited) @executable_path/Frameworks @loader_path/Frameworks";
				PRODUCT_BUNDLE_IDENTIFIER = uk.co.riccardoscanavacca.TokenFolioUITests;
				PRODUCT_NAME = "$(TARGET_NAME)";
				SWIFT_VERSION = 3.0;
				TEST_TARGET_NAME = TokenFolio;
			};
			name = Release;
		};
/* End XCBuildConfiguration section */

/* Begin XCConfigurationList section */
		8B8ABF931EFC08CE00DD0AC5 /* Build configuration list for PBXProject "TokenFolio" */ = {
			isa = XCConfigurationList;
			buildConfigurations = (
				8B8ABFC11EFC08CF00DD0AC5 /* Debug */,
				8B8ABFC21EFC08CF00DD0AC5 /* Release */,
			);
			defaultConfigurationIsVisible = 0;
			defaultConfigurationName = Release;
		};
		8B8ABFC31EFC08CF00DD0AC5 /* Build configuration list for PBXNativeTarget "TokenFolio" */ = {
			isa = XCConfigurationList;
			buildConfigurations = (
				8B8ABFC41EFC08CF00DD0AC5 /* Debug */,
				8B8ABFC51EFC08CF00DD0AC5 /* Release */,
			);
			defaultConfigurationIsVisible = 0;
			defaultConfigurationName = Release;
		};
		8B8ABFC61EFC08CF00DD0AC5 /* Build configuration list for PBXNativeTarget "TokenFolioTests" */ = {
			isa = XCConfigurationList;
			buildConfigurations = (
				8B8ABFC71EFC08CF00DD0AC5 /* Debug */,
				8B8ABFC81EFC08CF00DD0AC5 /* Release */,
			);
			defaultConfigurationIsVisible = 0;
			defaultConfigurationName = Release;
		};
		8B8ABFC91EFC08CF00DD0AC5 /* Build configuration list for PBXNativeTarget "TokenFolioUITests" */ = {
			isa = XCConfigurationList;
			buildConfigurations = (
				8B8ABFCA1EFC08CF00DD0AC5 /* Debug */,
				8B8ABFCB1EFC08CF00DD0AC5 /* Release */,
			);
			defaultConfigurationIsVisible = 0;
			defaultConfigurationName = Release;
		};
/* End XCConfigurationList section */

/* Begin XCVersionGroup section */
		8B8ABFA21EFC08CF00DD0AC5 /* TokenFolio.xcdatamodeld */ = {
			isa = XCVersionGroup;
			children = (
				8B8ABFA31EFC08CF00DD0AC5 /* TokenFolio.xcdatamodel */,
			);
			currentVersion = 8B8ABFA31EFC08CF00DD0AC5 /* TokenFolio.xcdatamodel */;
			path = TokenFolio.xcdatamodeld;
			sourceTree = "<group>";
			versionGroupType = wrapper.xcdatamodel;
		};
/* End XCVersionGroup section */
	};
	rootObject = 8B8ABF901EFC08CE00DD0AC5 /* Project object */;
}
